// !$*UTF8*$!
{
	archiveVersion = 1;
	classes = {
	};
	objectVersion = 50;
	objects = {

/* Begin PBXBuildFile section */
		A936377F26028C32006E00EF /* TicTaeToeLogic.framework in Frameworks */ = {isa = PBXBuildFile; fileRef = A936377526028C32006E00EF /* TicTaeToeLogic.framework */; };
		A936378426028C32006E00EF /* TicTaeToeLogicTests.swift in Sources */ = {isa = PBXBuildFile; fileRef = A936378326028C32006E00EF /* TicTaeToeLogicTests.swift */; };
		A936378626028C32006E00EF /* TicTaeToeLogic.h in Headers */ = {isa = PBXBuildFile; fileRef = A936377826028C32006E00EF /* TicTaeToeLogic.h */; settings = {ATTRIBUTES = (Public, ); }; };
		A936379226028C3C006E00EF /* JogoDaVelha.swift in Sources */ = {isa = PBXBuildFile; fileRef = A936379126028C3C006E00EF /* JogoDaVelha.swift */; };
		A936379C26028C54006E00EF /* JogoDaVelhaTests.swift in Sources */ = {isa = PBXBuildFile; fileRef = A936379B26028C54006E00EF /* JogoDaVelhaTests.swift */; };
/* End PBXBuildFile section */

/* Begin PBXContainerItemProxy section */
		A936378026028C32006E00EF /* PBXContainerItemProxy */ = {
			isa = PBXContainerItemProxy;
			containerPortal = A936376C26028C32006E00EF /* Project object */;
			proxyType = 1;
			remoteGlobalIDString = A936377426028C32006E00EF;
			remoteInfo = TicTaeToeLogic;
		};
/* End PBXContainerItemProxy section */

/* Begin PBXFileReference section */
		A936377526028C32006E00EF /* TicTaeToeLogic.framework */ = {isa = PBXFileReference; explicitFileType = wrapper.framework; includeInIndex = 0; path = TicTaeToeLogic.framework; sourceTree = BUILT_PRODUCTS_DIR; };
		A936377826028C32006E00EF /* TicTaeToeLogic.h */ = {isa = PBXFileReference; lastKnownFileType = sourcecode.c.h; path = TicTaeToeLogic.h; sourceTree = "<group>"; };
		A936377926028C32006E00EF /* Info.plist */ = {isa = PBXFileReference; lastKnownFileType = text.plist.xml; path = Info.plist; sourceTree = "<group>"; };
		A936377E26028C32006E00EF /* TicTaeToeLogicTests.xctest */ = {isa = PBXFileReference; explicitFileType = wrapper.cfbundle; includeInIndex = 0; path = TicTaeToeLogicTests.xctest; sourceTree = BUILT_PRODUCTS_DIR; };
		A936378326028C32006E00EF /* TicTaeToeLogicTests.swift */ = {isa = PBXFileReference; lastKnownFileType = sourcecode.swift; path = TicTaeToeLogicTests.swift; sourceTree = "<group>"; };
		A936378526028C32006E00EF /* Info.plist */ = {isa = PBXFileReference; lastKnownFileType = text.plist.xml; path = Info.plist; sourceTree = "<group>"; };
		A936379126028C3C006E00EF /* JogoDaVelha.swift */ = {isa = PBXFileReference; lastKnownFileType = sourcecode.swift; path = JogoDaVelha.swift; sourceTree = "<group>"; };
		A936379B26028C54006E00EF /* JogoDaVelhaTests.swift */ = {isa = PBXFileReference; lastKnownFileType = sourcecode.swift; path = JogoDaVelhaTests.swift; sourceTree = "<group>"; };
/* End PBXFileReference section */

/* Begin PBXFrameworksBuildPhase section */
		A936377226028C32006E00EF /* Frameworks */ = {
			isa = PBXFrameworksBuildPhase;
			buildActionMask = 2147483647;
			files = (
			);
			runOnlyForDeploymentPostprocessing = 0;
		};
		A936377B26028C32006E00EF /* Frameworks */ = {
			isa = PBXFrameworksBuildPhase;
			buildActionMask = 2147483647;
			files = (
				A936377F26028C32006E00EF /* TicTaeToeLogic.framework in Frameworks */,
			);
			runOnlyForDeploymentPostprocessing = 0;
		};
/* End PBXFrameworksBuildPhase section */

/* Begin PBXGroup section */
		A936376B26028C32006E00EF = {
			isa = PBXGroup;
			children = (
				A936377726028C32006E00EF /* TicTaeToeLogic */,
				A936378226028C32006E00EF /* TicTaeToeLogicTests */,
				A936377626028C32006E00EF /* Products */,
			);
			sourceTree = "<group>";
		};
		A936377626028C32006E00EF /* Products */ = {
			isa = PBXGroup;
			children = (
				A936377526028C32006E00EF /* TicTaeToeLogic.framework */,
				A936377E26028C32006E00EF /* TicTaeToeLogicTests.xctest */,
			);
			name = Products;
			sourceTree = "<group>";
		};
		A936377726028C32006E00EF /* TicTaeToeLogic */ = {
			isa = PBXGroup;
			children = (
				A936377826028C32006E00EF /* TicTaeToeLogic.h */,
				A936379126028C3C006E00EF /* JogoDaVelha.swift */,
				A936377926028C32006E00EF /* Info.plist */,
			);
			path = TicTaeToeLogic;
			sourceTree = "<group>";
		};
		A936378226028C32006E00EF /* TicTaeToeLogicTests */ = {
			isa = PBXGroup;
			children = (
				A936378326028C32006E00EF /* TicTaeToeLogicTests.swift */,
				A936379B26028C54006E00EF /* JogoDaVelhaTests.swift */,
				A936378526028C32006E00EF /* Info.plist */,
			);
			path = TicTaeToeLogicTests;
			sourceTree = "<group>";
		};
/* End PBXGroup section */

/* Begin PBXHeadersBuildPhase section */
		A936377026028C32006E00EF /* Headers */ = {
			isa = PBXHeadersBuildPhase;
			buildActionMask = 2147483647;
			files = (
				A936378626028C32006E00EF /* TicTaeToeLogic.h in Headers */,
			);
			runOnlyForDeploymentPostprocessing = 0;
		};
/* End PBXHeadersBuildPhase section */

/* Begin PBXNativeTarget section */
		A936377426028C32006E00EF /* TicTaeToeLogic */ = {
			isa = PBXNativeTarget;
			buildConfigurationList = A936378926028C32006E00EF /* Build configuration list for PBXNativeTarget "TicTaeToeLogic" */;
			buildPhases = (
				A936377026028C32006E00EF /* Headers */,
				A936377126028C32006E00EF /* Sources */,
				A936377226028C32006E00EF /* Frameworks */,
				A936377326028C32006E00EF /* Resources */,
			);
			buildRules = (
			);
			dependencies = (
			);
			name = TicTaeToeLogic;
			productName = TicTaeToeLogic;
			productReference = A936377526028C32006E00EF /* TicTaeToeLogic.framework */;
			productType = "com.apple.product-type.framework";
		};
		A936377D26028C32006E00EF /* TicTaeToeLogicTests */ = {
			isa = PBXNativeTarget;
			buildConfigurationList = A936378C26028C32006E00EF /* Build configuration list for PBXNativeTarget "TicTaeToeLogicTests" */;
			buildPhases = (
				A936377A26028C32006E00EF /* Sources */,
				A936377B26028C32006E00EF /* Frameworks */,
				A936377C26028C32006E00EF /* Resources */,
			);
			buildRules = (
			);
			dependencies = (
				A936378126028C32006E00EF /* PBXTargetDependency */,
			);
			name = TicTaeToeLogicTests;
			productName = TicTaeToeLogicTests;
			productReference = A936377E26028C32006E00EF /* TicTaeToeLogicTests.xctest */;
			productType = "com.apple.product-type.bundle.unit-test";
		};
/* End PBXNativeTarget section */

/* Begin PBXProject section */
		A936376C26028C32006E00EF /* Project object */ = {
			isa = PBXProject;
			attributes = {
				LastSwiftUpdateCheck = 1240;
				LastUpgradeCheck = 1240;
				TargetAttributes = {
					A936377426028C32006E00EF = {
						CreatedOnToolsVersion = 12.4;
					};
					A936377D26028C32006E00EF = {
						CreatedOnToolsVersion = 12.4;
					};
				};
			};
			buildConfigurationList = A936376F26028C32006E00EF /* Build configuration list for PBXProject "TicTaeToeLogic" */;
			compatibilityVersion = "Xcode 9.3";
			developmentRegion = en;
			hasScannedForEncodings = 0;
			knownRegions = (
				en,
				Base,
			);
			mainGroup = A936376B26028C32006E00EF;
			productRefGroup = A936377626028C32006E00EF /* Products */;
			projectDirPath = "";
			projectRoot = "";
			targets = (
				A936377426028C32006E00EF /* TicTaeToeLogic */,
				A936377D26028C32006E00EF /* TicTaeToeLogicTests */,
			);
		};
/* End PBXProject section */

/* Begin PBXResourcesBuildPhase section */
		A936377326028C32006E00EF /* Resources */ = {
			isa = PBXResourcesBuildPhase;
			buildActionMask = 2147483647;
			files = (
			);
			runOnlyForDeploymentPostprocessing = 0;
		};
		A936377C26028C32006E00EF /* Resources */ = {
			isa = PBXResourcesBuildPhase;
			buildActionMask = 2147483647;
			files = (
			);
			runOnlyForDeploymentPostprocessing = 0;
		};
/* End PBXResourcesBuildPhase section */

/* Begin PBXSourcesBuildPhase section */
		A936377126028C32006E00EF /* Sources */ = {
			isa = PBXSourcesBuildPhase;
			buildActionMask = 2147483647;
			files = (
				A936379226028C3C006E00EF /* JogoDaVelha.swift in Sources */,
			);
			runOnlyForDeploymentPostprocessing = 0;
		};
		A936377A26028C32006E00EF /* Sources */ = {
			isa = PBXSourcesBuildPhase;
			buildActionMask = 2147483647;
			files = (
				A936379C26028C54006E00EF /* JogoDaVelhaTests.swift in Sources */,
				A936378426028C32006E00EF /* TicTaeToeLogicTests.swift in Sources */,
			);
			runOnlyForDeploymentPostprocessing = 0;
		};
/* End PBXSourcesBuildPhase section */

/* Begin PBXTargetDependency section */
		A936378126028C32006E00EF /* PBXTargetDependency */ = {
			isa = PBXTargetDependency;
			target = A936377426028C32006E00EF /* TicTaeToeLogic */;
			targetProxy = A936378026028C32006E00EF /* PBXContainerItemProxy */;
		};
/* End PBXTargetDependency section */

/* Begin XCBuildConfiguration section */
		A936378726028C32006E00EF /* Debug */ = {
			isa = XCBuildConfiguration;
			buildSettings = {
				ALWAYS_SEARCH_USER_PATHS = NO;
				CLANG_ANALYZER_NONNULL = YES;
				CLANG_ANALYZER_NUMBER_OBJECT_CONVERSION = YES_AGGRESSIVE;
				CLANG_CXX_LANGUAGE_STANDARD = "gnu++14";
				CLANG_CXX_LIBRARY = "libc++";
				CLANG_ENABLE_MODULES = YES;
				CLANG_ENABLE_OBJC_ARC = YES;
				CLANG_ENABLE_OBJC_WEAK = YES;
				CLANG_WARN_BLOCK_CAPTURE_AUTORELEASING = YES;
				CLANG_WARN_BOOL_CONVERSION = YES;
				CLANG_WARN_COMMA = YES;
				CLANG_WARN_CONSTANT_CONVERSION = YES;
				CLANG_WARN_DEPRECATED_OBJC_IMPLEMENTATIONS = YES;
				CLANG_WARN_DIRECT_OBJC_ISA_USAGE = YES_ERROR;
				CLANG_WARN_DOCUMENTATION_COMMENTS = YES;
				CLANG_WARN_EMPTY_BODY = YES;
				CLANG_WARN_ENUM_CONVERSION = YES;
				CLANG_WARN_INFINITE_RECURSION = YES;
				CLANG_WARN_INT_CONVERSION = YES;
				CLANG_WARN_NON_LITERAL_NULL_CONVERSION = YES;
				CLANG_WARN_OBJC_IMPLICIT_RETAIN_SELF = YES;
				CLANG_WARN_OBJC_LITERAL_CONVERSION = YES;
				CLANG_WARN_OBJC_ROOT_CLASS = YES_ERROR;
				CLANG_WARN_QUOTED_INCLUDE_IN_FRAMEWORK_HEADER = YES;
				CLANG_WARN_RANGE_LOOP_ANALYSIS = YES;
				CLANG_WARN_STRICT_PROTOTYPES = YES;
				CLANG_WARN_SUSPICIOUS_MOVE = YES;
				CLANG_WARN_UNGUARDED_AVAILABILITY = YES_AGGRESSIVE;
				CLANG_WARN_UNREACHABLE_CODE = YES;
				CLANG_WARN__DUPLICATE_METHOD_MATCH = YES;
				COPY_PHASE_STRIP = NO;
				CURRENT_PROJECT_VERSION = 1;
				DEBUG_INFORMATION_FORMAT = dwarf;
				ENABLE_STRICT_OBJC_MSGSEND = YES;
				ENABLE_TESTABILITY = YES;
				GCC_C_LANGUAGE_STANDARD = gnu11;
				GCC_DYNAMIC_NO_PIC = NO;
				GCC_NO_COMMON_BLOCKS = YES;
				GCC_OPTIMIZATION_LEVEL = 0;
				GCC_PREPROCESSOR_DEFINITIONS = (
					"DEBUG=1",
					"$(inherited)",
				);
				GCC_WARN_64_TO_32_BIT_CONVERSION = YES;
				GCC_WARN_ABOUT_RETURN_TYPE = YES_ERROR;
				GCC_WARN_UNDECLARED_SELECTOR = YES;
				GCC_WARN_UNINITIALIZED_AUTOS = YES_AGGRESSIVE;
				GCC_WARN_UNUSED_FUNCTION = YES;
				GCC_WARN_UNUSED_VARIABLE = YES;
				IPHONEOS_DEPLOYMENT_TARGET = 14.4;
				MTL_ENABLE_DEBUG_INFO = INCLUDE_SOURCE;
				MTL_FAST_MATH = YES;
				ONLY_ACTIVE_ARCH = YES;
				SDKROOT = iphoneos;
				SWIFT_ACTIVE_COMPILATION_CONDITIONS = DEBUG;
				SWIFT_OPTIMIZATION_LEVEL = "-Onone";
				VERSIONING_SYSTEM = "apple-generic";
				VERSION_INFO_PREFIX = "";
			};
			name = Debug;
		};
		A936378826028C32006E00EF /* Release */ = {
			isa = XCBuildConfiguration;
			buildSettings = {
				ALWAYS_SEARCH_USER_PATHS = NO;
				CLANG_ANALYZER_NONNULL = YES;
				CLANG_ANALYZER_NUMBER_OBJECT_CONVERSION = YES_AGGRESSIVE;
				CLANG_CXX_LANGUAGE_STANDARD = "gnu++14";
				CLANG_CXX_LIBRARY = "libc++";
				CLANG_ENABLE_MODULES = YES;
				CLANG_ENABLE_OBJC_ARC = YES;
				CLANG_ENABLE_OBJC_WEAK = YES;
				CLANG_WARN_BLOCK_CAPTURE_AUTORELEASING = YES;
				CLANG_WARN_BOOL_CONVERSION = YES;
				CLANG_WARN_COMMA = YES;
				CLANG_WARN_CONSTANT_CONVERSION = YES;
				CLANG_WARN_DEPRECATED_OBJC_IMPLEMENTATIONS = YES;
				CLANG_WARN_DIRECT_OBJC_ISA_USAGE = YES_ERROR;
				CLANG_WARN_DOCUMENTATION_COMMENTS = YES;
				CLANG_WARN_EMPTY_BODY = YES;
				CLANG_WARN_ENUM_CONVERSION = YES;
				CLANG_WARN_INFINITE_RECURSION = YES;
				CLANG_WARN_INT_CONVERSION = YES;
				CLANG_WARN_NON_LITERAL_NULL_CONVERSION = YES;
				CLANG_WARN_OBJC_IMPLICIT_RETAIN_SELF = YES;
				CLANG_WARN_OBJC_LITERAL_CONVERSION = YES;
				CLANG_WARN_OBJC_ROOT_CLASS = YES_ERROR;
				CLANG_WARN_QUOTED_INCLUDE_IN_FRAMEWORK_HEADER = YES;
				CLANG_WARN_RANGE_LOOP_ANALYSIS = YES;
				CLANG_WARN_STRICT_PROTOTYPES = YES;
				CLANG_WARN_SUSPICIOUS_MOVE = YES;
				CLANG_WARN_UNGUARDED_AVAILABILITY = YES_AGGRESSIVE;
				CLANG_WARN_UNREACHABLE_CODE = YES;
				CLANG_WARN__DUPLICATE_METHOD_MATCH = YES;
				COPY_PHASE_STRIP = NO;
				CURRENT_PROJECT_VERSION = 1;
				DEBUG_INFORMATION_FORMAT = "dwarf-with-dsym";
				ENABLE_NS_ASSERTIONS = NO;
				ENABLE_STRICT_OBJC_MSGSEND = YES;
				GCC_C_LANGUAGE_STANDARD = gnu11;
				GCC_NO_COMMON_BLOCKS = YES;
				GCC_WARN_64_TO_32_BIT_CONVERSION = YES;
				GCC_WARN_ABOUT_RETURN_TYPE = YES_ERROR;
				GCC_WARN_UNDECLARED_SELECTOR = YES;
				GCC_WARN_UNINITIALIZED_AUTOS = YES_AGGRESSIVE;
				GCC_WARN_UNUSED_FUNCTION = YES;
				GCC_WARN_UNUSED_VARIABLE = YES;
				IPHONEOS_DEPLOYMENT_TARGET = 14.4;
				MTL_ENABLE_DEBUG_INFO = NO;
				MTL_FAST_MATH = YES;
				SDKROOT = iphoneos;
				SWIFT_COMPILATION_MODE = wholemodule;
				SWIFT_OPTIMIZATION_LEVEL = "-O";
				VALIDATE_PRODUCT = YES;
				VERSIONING_SYSTEM = "apple-generic";
				VERSION_INFO_PREFIX = "";
			};
			name = Release;
		};
		A936378A26028C32006E00EF /* Debug */ = {
			isa = XCBuildConfiguration;
			buildSettings = {
				CODE_SIGN_STYLE = Automatic;
				DEFINES_MODULE = YES;
				DYLIB_COMPATIBILITY_VERSION = 1;
				DYLIB_CURRENT_VERSION = 1;
				DYLIB_INSTALL_NAME_BASE = "@rpath";
				INFOPLIST_FILE = TicTaeToeLogic/Info.plist;
				INSTALL_PATH = "$(LOCAL_LIBRARY_DIR)/Frameworks";
				IPHONEOS_DEPLOYMENT_TARGET = 13.0;
				LD_RUNPATH_SEARCH_PATHS = (
					"$(inherited)",
					"@executable_path/Frameworks",
					"@loader_path/Frameworks",
				);
				PRODUCT_BUNDLE_IDENTIFIER = br.com.vitorrodrigues.games.TicTaeToeLogic;
				PRODUCT_NAME = "$(TARGET_NAME:c99extidentifier)";
				SKIP_INSTALL = YES;
				SWIFT_VERSION = 5.0;
				TARGETED_DEVICE_FAMILY = "1,2";
			};
			name = Debug;
		};
		A936378B26028C32006E00EF /* Release */ = {
			isa = XCBuildConfiguration;
			buildSettings = {
				CODE_SIGN_STYLE = Automatic;
				DEFINES_MODULE = YES;
				DYLIB_COMPATIBILITY_VERSION = 1;
				DYLIB_CURRENT_VERSION = 1;
				DYLIB_INSTALL_NAME_BASE = "@rpath";
				INFOPLIST_FILE = TicTaeToeLogic/Info.plist;
				INSTALL_PATH = "$(LOCAL_LIBRARY_DIR)/Frameworks";
				IPHONEOS_DEPLOYMENT_TARGET = 13.0;
				LD_RUNPATH_SEARCH_PATHS = (
					"$(inherited)",
					"@executable_path/Frameworks",
					"@loader_path/Frameworks",
				);
				PRODUCT_BUNDLE_IDENTIFIER = br.com.vitorrodrigues.games.TicTaeToeLogic;
				PRODUCT_NAME = "$(TARGET_NAME:c99extidentifier)";
				SKIP_INSTALL = YES;
				SWIFT_VERSION = 5.0;
				TARGETED_DEVICE_FAMILY = "1,2";
			};
			name = Release;
		};
		A936378D26028C32006E00EF /* Debug */ = {
			isa = XCBuildConfiguration;
			buildSettings = {
				ALWAYS_EMBED_SWIFT_STANDARD_LIBRARIES = YES;
				CODE_SIGN_STYLE = Automatic;
				INFOPLIST_FILE = TicTaeToeLogicTests/Info.plist;
				LD_RUNPATH_SEARCH_PATHS = (
					"$(inherited)",
					"@executable_path/Frameworks",
					"@loader_path/Frameworks",
				);
				PRODUCT_BUNDLE_IDENTIFIER = br.com.vitorrodrigues.games.TicTaeToeLogicTests;
				PRODUCT_NAME = "$(TARGET_NAME)";
				SWIFT_VERSION = 5.0;
				TARGETED_DEVICE_FAMILY = "1,2";
			};
			name = Debug;
		};
		A936378E26028C32006E00EF /* Release */ = {
			isa = XCBuildConfiguration;
			buildSettings = {
				ALWAYS_EMBED_SWIFT_STANDARD_LIBRARIES = YES;
				CODE_SIGN_STYLE = Automatic;
				INFOPLIST_FILE = TicTaeToeLogicTests/Info.plist;
				LD_RUNPATH_SEARCH_PATHS = (
					"$(inherited)",
					"@executable_path/Frameworks",
					"@loader_path/Frameworks",
				);
				PRODUCT_BUNDLE_IDENTIFIER = br.com.vitorrodrigues.games.TicTaeToeLogicTests;
				PRODUCT_NAME = "$(TARGET_NAME)";
				SWIFT_VERSION = 5.0;
				TARGETED_DEVICE_FAMILY = "1,2";
			};
			name = Release;
		};
/* End XCBuildConfiguration section */

/* Begin XCConfigurationList section */
		A936376F26028C32006E00EF /* Build configuration list for PBXProject "TicTaeToeLogic" */ = {
			isa = XCConfigurationList;
			buildConfigurations = (
				A936378726028C32006E00EF /* Debug */,
				A936378826028C32006E00EF /* Release */,
			);
			defaultConfigurationIsVisible = 0;
			defaultConfigurationName = Release;
		};
		A936378926028C32006E00EF /* Build configuration list for PBXNativeTarget "TicTaeToeLogic" */ = {
			isa = XCConfigurationList;
			buildConfigurations = (
				A936378A26028C32006E00EF /* Debug */,
				A936378B26028C32006E00EF /* Release */,
			);
			defaultConfigurationIsVisible = 0;
			defaultConfigurationName = Release;
		};
		A936378C26028C32006E00EF /* Build configuration list for PBXNativeTarget "TicTaeToeLogicTests" */ = {
			isa = XCConfigurationList;
			buildConfigurations = (
				A936378D26028C32006E00EF /* Debug */,
				A936378E26028C32006E00EF /* Release */,
			);
			defaultConfigurationIsVisible = 0;
			defaultConfigurationName = Release;
		};
/* End XCConfigurationList section */
	};
	rootObject = A936376C26028C32006E00EF /* Project object */;
}
